// !$*UTF8*$!
{
	archiveVersion = 1;
	classes = {
	};
	objectVersion = 50;
	objects = {

/* Begin PBXBuildFile section */
		F25B13C023996433000C90FA /* AppDelegate.swift in Sources */ = {isa = PBXBuildFile; fileRef = F25B13BF23996433000C90FA /* AppDelegate.swift */; };
		F25B13C223996433000C90FA /* SceneDelegate.swift in Sources */ = {isa = PBXBuildFile; fileRef = F25B13C123996433000C90FA /* SceneDelegate.swift */; };
		F25B13C723996433000C90FA /* Main.storyboard in Resources */ = {isa = PBXBuildFile; fileRef = F25B13C523996433000C90FA /* Main.storyboard */; };
		F25B13CA23996433000C90FA /* ChildApp.xcdatamodeld in Sources */ = {isa = PBXBuildFile; fileRef = F25B13C823996433000C90FA /* ChildApp.xcdatamodeld */; };
		F25B13CC23996437000C90FA /* Assets.xcassets in Resources */ = {isa = PBXBuildFile; fileRef = F25B13CB23996437000C90FA /* Assets.xcassets */; };
		F25B13CF23996437000C90FA /* LaunchScreen.storyboard in Resources */ = {isa = PBXBuildFile; fileRef = F25B13CD23996437000C90FA /* LaunchScreen.storyboard */; };
		F25B13D7239966FB000C90FA /* StartPage.swift in Sources */ = {isa = PBXBuildFile; fileRef = F25B13D6239966FB000C90FA /* StartPage.swift */; };
		F25B13D923996731000C90FA /* GamePage.swift in Sources */ = {isa = PBXBuildFile; fileRef = F25B13D823996731000C90FA /* GamePage.swift */; };
		F25B13DB23996744000C90FA /* SettingsPage.swift in Sources */ = {isa = PBXBuildFile; fileRef = F25B13DA23996744000C90FA /* SettingsPage.swift */; };
		F25B13DD23998CA8000C90FA /* fonts.otf in Resources */ = {isa = PBXBuildFile; fileRef = F25B13DC23998CA8000C90FA /* fonts.otf */; };
		F25B13DF2399917D000C90FA /* fonts_answers.otf in Resources */ = {isa = PBXBuildFile; fileRef = F25B13DE2399917D000C90FA /* fonts_answers.otf */; };
		F25B13E32399C4E6000C90FA /* .gitignore in Resources */ = {isa = PBXBuildFile; fileRef = F25B13E22399C4E6000C90FA /* .gitignore */; };
/* End PBXBuildFile section */

/* Begin PBXFileReference section */
		F25B13BC23996433000C90FA /* ChildApp.app */ = {isa = PBXFileReference; explicitFileType = wrapper.application; includeInIndex = 0; path = ChildApp.app; sourceTree = BUILT_PRODUCTS_DIR; };
		F25B13BF23996433000C90FA /* AppDelegate.swift */ = {isa = PBXFileReference; lastKnownFileType = sourcecode.swift; path = AppDelegate.swift; sourceTree = "<group>"; };
		F25B13C123996433000C90FA /* SceneDelegate.swift */ = {isa = PBXFileReference; lastKnownFileType = sourcecode.swift; path = SceneDelegate.swift; sourceTree = "<group>"; };
		F25B13C623996433000C90FA /* Base */ = {isa = PBXFileReference; lastKnownFileType = file.storyboard; name = Base; path = Base.lproj/Main.storyboard; sourceTree = "<group>"; };
		F25B13C923996433000C90FA /* ChildApp.xcdatamodel */ = {isa = PBXFileReference; lastKnownFileType = wrapper.xcdatamodel; path = ChildApp.xcdatamodel; sourceTree = "<group>"; };
		F25B13CB23996437000C90FA /* Assets.xcassets */ = {isa = PBXFileReference; lastKnownFileType = folder.assetcatalog; path = Assets.xcassets; sourceTree = "<group>"; };
		F25B13CE23996437000C90FA /* Base */ = {isa = PBXFileReference; lastKnownFileType = file.storyboard; name = Base; path = Base.lproj/LaunchScreen.storyboard; sourceTree = "<group>"; };
		F25B13D023996437000C90FA /* Info.plist */ = {isa = PBXFileReference; lastKnownFileType = text.plist.xml; path = Info.plist; sourceTree = "<group>"; };
		F25B13D6239966FB000C90FA /* StartPage.swift */ = {isa = PBXFileReference; lastKnownFileType = sourcecode.swift; path = StartPage.swift; sourceTree = "<group>"; };
		F25B13D823996731000C90FA /* GamePage.swift */ = {isa = PBXFileReference; lastKnownFileType = sourcecode.swift; path = GamePage.swift; sourceTree = "<group>"; };
		F25B13DA23996744000C90FA /* SettingsPage.swift */ = {isa = PBXFileReference; lastKnownFileType = sourcecode.swift; path = SettingsPage.swift; sourceTree = "<group>"; };
		F25B13DC23998CA8000C90FA /* fonts.otf */ = {isa = PBXFileReference; lastKnownFileType = file; path = fonts.otf; sourceTree = "<group>"; };
		F25B13DE2399917D000C90FA /* fonts_answers.otf */ = {isa = PBXFileReference; lastKnownFileType = file; path = fonts_answers.otf; sourceTree = "<group>"; };
		F25B13E22399C4E6000C90FA /* .gitignore */ = {isa = PBXFileReference; lastKnownFileType = text; path = .gitignore; sourceTree = "<group>"; };
/* End PBXFileReference section */

/* Begin PBXFrameworksBuildPhase section */
		F25B13B923996433000C90FA /* Frameworks */ = {
			isa = PBXFrameworksBuildPhase;
			buildActionMask = 2147483647;
			files = (
			);
			runOnlyForDeploymentPostprocessing = 0;
		};
/* End PBXFrameworksBuildPhase section */

/* Begin PBXGroup section */
		F25B13B323996433000C90FA = {
			isa = PBXGroup;
			children = (
				F25B13E22399C4E6000C90FA /* .gitignore */,
				F25B13BE23996433000C90FA /* ChildApp */,
				F25B13BD23996433000C90FA /* Products */,
			);
			sourceTree = "<group>";
		};
		F25B13BD23996433000C90FA /* Products */ = {
			isa = PBXGroup;
			children = (
				F25B13BC23996433000C90FA /* ChildApp.app */,
			);
			name = Products;
			sourceTree = "<group>";
		};
		F25B13BE23996433000C90FA /* ChildApp */ = {
			isa = PBXGroup;
			children = (
				F25B13BF23996433000C90FA /* AppDelegate.swift */,
				F25B13C123996433000C90FA /* SceneDelegate.swift */,
				F25B13D6239966FB000C90FA /* StartPage.swift */,
				F25B13D823996731000C90FA /* GamePage.swift */,
				F25B13DA23996744000C90FA /* SettingsPage.swift */,
				F25B13C523996433000C90FA /* Main.storyboard */,
				F25B13CB23996437000C90FA /* Assets.xcassets */,
				F25B13CD23996437000C90FA /* LaunchScreen.storyboard */,
				F25B13D023996437000C90FA /* Info.plist */,
				F25B13C823996433000C90FA /* ChildApp.xcdatamodeld */,
				F25B13DC23998CA8000C90FA /* fonts.otf */,
				F25B13DE2399917D000C90FA /* fonts_answers.otf */,
			);
			path = ChildApp;
			sourceTree = "<group>";
		};
/* End PBXGroup section */

/* Begin PBXNativeTarget section */
		F25B13BB23996433000C90FA /* ChildApp */ = {
			isa = PBXNativeTarget;
			buildConfigurationList = F25B13D323996437000C90FA /* Build configuration list for PBXNativeTarget "ChildApp" */;
			buildPhases = (
				F25B13B823996433000C90FA /* Sources */,
				F25B13B923996433000C90FA /* Frameworks */,
				F25B13BA23996433000C90FA /* Resources */,
			);
			buildRules = (
			);
			dependencies = (
			);
			name = ChildApp;
			productName = ChildApp;
			productReference = F25B13BC23996433000C90FA /* ChildApp.app */;
			productType = "com.apple.product-type.application";
		};
/* End PBXNativeTarget section */

/* Begin PBXProject section */
		F25B13B423996433000C90FA /* Project object */ = {
			isa = PBXProject;
			attributes = {
				LastSwiftUpdateCheck = 1110;
				LastUpgradeCheck = 1110;
				ORGANIZATIONNAME = "Александр Шубский";
				TargetAttributes = {
					F25B13BB23996433000C90FA = {
						CreatedOnToolsVersion = 11.1;
					};
				};
			};
			buildConfigurationList = F25B13B723996433000C90FA /* Build configuration list for PBXProject "ChildApp" */;
			compatibilityVersion = "Xcode 9.3";
			developmentRegion = en;
			hasScannedForEncodings = 0;
			knownRegions = (
				en,
				Base,
			);
			mainGroup = F25B13B323996433000C90FA;
			productRefGroup = F25B13BD23996433000C90FA /* Products */;
			projectDirPath = "";
			projectRoot = "";
			targets = (
				F25B13BB23996433000C90FA /* ChildApp */,
			);
		};
/* End PBXProject section */

/* Begin PBXResourcesBuildPhase section */
		F25B13BA23996433000C90FA /* Resources */ = {
			isa = PBXResourcesBuildPhase;
			buildActionMask = 2147483647;
			files = (
				F25B13CF23996437000C90FA /* LaunchScreen.storyboard in Resources */,
				F25B13CC23996437000C90FA /* Assets.xcassets in Resources */,
				F25B13DF2399917D000C90FA /* fonts_answers.otf in Resources */,
				F25B13DD23998CA8000C90FA /* fonts.otf in Resources */,
				F25B13E32399C4E6000C90FA /* .gitignore in Resources */,
				F25B13C723996433000C90FA /* Main.storyboard in Resources */,
			);
			runOnlyForDeploymentPostprocessing = 0;
		};
/* End PBXResourcesBuildPhase section */

/* Begin PBXSourcesBuildPhase section */
		F25B13B823996433000C90FA /* Sources */ = {
			isa = PBXSourcesBuildPhase;
			buildActionMask = 2147483647;
			files = (
				F25B13C023996433000C90FA /* AppDelegate.swift in Sources */,
				F25B13D923996731000C90FA /* GamePage.swift in Sources */,
				F25B13D7239966FB000C90FA /* StartPage.swift in Sources */,
				F25B13DB23996744000C90FA /* SettingsPage.swift in Sources */,
				F25B13CA23996433000C90FA /* ChildApp.xcdatamodeld in Sources */,
				F25B13C223996433000C90FA /* SceneDelegate.swift in Sources */,
			);
			runOnlyForDeploymentPostprocessing = 0;
		};
/* End PBXSourcesBuildPhase section */

/* Begin PBXVariantGroup section */
		F25B13C523996433000C90FA /* Main.storyboard */ = {
			isa = PBXVariantGroup;
			children = (
				F25B13C623996433000C90FA /* Base */,
			);
			name = Main.storyboard;
			sourceTree = "<group>";
		};
		F25B13CD23996437000C90FA /* LaunchScreen.storyboard */ = {
			isa = PBXVariantGroup;
			children = (
				F25B13CE23996437000C90FA /* Base */,
			);
			name = LaunchScreen.storyboard;
			sourceTree = "<group>";
		};
/* End PBXVariantGroup section */

/* Begin XCBuildConfiguration section */
		F25B13D123996437000C90FA /* Debug */ = {
			isa = XCBuildConfiguration;
			buildSettings = {
				ALWAYS_SEARCH_USER_PATHS = NO;
				CLANG_ANALYZER_NONNULL = YES;
				CLANG_ANALYZER_NUMBER_OBJECT_CONVERSION = YES_AGGRESSIVE;
				CLANG_CXX_LANGUAGE_STANDARD = "gnu++14";
				CLANG_CXX_LIBRARY = "libc++";
				CLANG_ENABLE_MODULES = YES;
				CLANG_ENABLE_OBJC_ARC = YES;
				CLANG_ENABLE_OBJC_WEAK = YES;
				CLANG_WARN_BLOCK_CAPTURE_AUTORELEASING = YES;
				CLANG_WARN_BOOL_CONVERSION = YES;
				CLANG_WARN_COMMA = YES;
				CLANG_WARN_CONSTANT_CONVERSION = YES;
				CLANG_WARN_DEPRECATED_OBJC_IMPLEMENTATIONS = YES;
				CLANG_WARN_DIRECT_OBJC_ISA_USAGE = YES_ERROR;
				CLANG_WARN_DOCUMENTATION_COMMENTS = YES;
				CLANG_WARN_EMPTY_BODY = YES;
				CLANG_WARN_ENUM_CONVERSION = YES;
				CLANG_WARN_INFINITE_RECURSION = YES;
				CLANG_WARN_INT_CONVERSION = YES;
				CLANG_WARN_NON_LITERAL_NULL_CONVERSION = YES;
				CLANG_WARN_OBJC_IMPLICIT_RETAIN_SELF = YES;
				CLANG_WARN_OBJC_LITERAL_CONVERSION = YES;
				CLANG_WARN_OBJC_ROOT_CLASS = YES_ERROR;
				CLANG_WARN_RANGE_LOOP_ANALYSIS = YES;
				CLANG_WARN_STRICT_PROTOTYPES = YES;
				CLANG_WARN_SUSPICIOUS_MOVE = YES;
				CLANG_WARN_UNGUARDED_AVAILABILITY = YES_AGGRESSIVE;
				CLANG_WARN_UNREACHABLE_CODE = YES;
				CLANG_WARN__DUPLICATE_METHOD_MATCH = YES;
				COPY_PHASE_STRIP = NO;
				DEBUG_INFORMATION_FORMAT = dwarf;
				ENABLE_STRICT_OBJC_MSGSEND = YES;
				ENABLE_TESTABILITY = YES;
				GCC_C_LANGUAGE_STANDARD = gnu11;
				GCC_DYNAMIC_NO_PIC = NO;
				GCC_NO_COMMON_BLOCKS = YES;
				GCC_OPTIMIZATION_LEVEL = 0;
				GCC_PREPROCESSOR_DEFINITIONS = (
					"DEBUG=1",
					"$(inherited)",
				);
				GCC_WARN_64_TO_32_BIT_CONVERSION = YES;
				GCC_WARN_ABOUT_RETURN_TYPE = YES_ERROR;
				GCC_WARN_UNDECLARED_SELECTOR = YES;
				GCC_WARN_UNINITIALIZED_AUTOS = YES_AGGRESSIVE;
				GCC_WARN_UNUSED_FUNCTION = YES;
				GCC_WARN_UNUSED_VARIABLE = YES;
				IPHONEOS_DEPLOYMENT_TARGET = 13.1;
				MTL_ENABLE_DEBUG_INFO = INCLUDE_SOURCE;
				MTL_FAST_MATH = YES;
				ONLY_ACTIVE_ARCH = YES;
				SDKROOT = iphoneos;
				SWIFT_ACTIVE_COMPILATION_CONDITIONS = DEBUG;
				SWIFT_OPTIMIZATION_LEVEL = "-Onone";
			};
			name = Debug;
		};
		F25B13D223996437000C90FA /* Release */ = {
			isa = XCBuildConfiguration;
			buildSettings = {
				ALWAYS_SEARCH_USER_PATHS = NO;
				CLANG_ANALYZER_NONNULL = YES;
				CLANG_ANALYZER_NUMBER_OBJECT_CONVERSION = YES_AGGRESSIVE;
				CLANG_CXX_LANGUAGE_STANDARD = "gnu++14";
				CLANG_CXX_LIBRARY = "libc++";
				CLANG_ENABLE_MODULES = YES;
				CLANG_ENABLE_OBJC_ARC = YES;
				CLANG_ENABLE_OBJC_WEAK = YES;
				CLANG_WARN_BLOCK_CAPTURE_AUTORELEASING = YES;
				CLANG_WARN_BOOL_CONVERSION = YES;
				CLANG_WARN_COMMA = YES;
				CLANG_WARN_CONSTANT_CONVERSION = YES;
				CLANG_WARN_DEPRECATED_OBJC_IMPLEMENTATIONS = YES;
				CLANG_WARN_DIRECT_OBJC_ISA_USAGE = YES_ERROR;
				CLANG_WARN_DOCUMENTATION_COMMENTS = YES;
				CLANG_WARN_EMPTY_BODY = YES;
				CLANG_WARN_ENUM_CONVERSION = YES;
				CLANG_WARN_INFINITE_RECURSION = YES;
				CLANG_WARN_INT_CONVERSION = YES;
				CLANG_WARN_NON_LITERAL_NULL_CONVERSION = YES;
				CLANG_WARN_OBJC_IMPLICIT_RETAIN_SELF = YES;
				CLANG_WARN_OBJC_LITERAL_CONVERSION = YES;
				CLANG_WARN_OBJC_ROOT_CLASS = YES_ERROR;
				CLANG_WARN_RANGE_LOOP_ANALYSIS = YES;
				CLANG_WARN_STRICT_PROTOTYPES = YES;
				CLANG_WARN_SUSPICIOUS_MOVE = YES;
				CLANG_WARN_UNGUARDED_AVAILABILITY = YES_AGGRESSIVE;
				CLANG_WARN_UNREACHABLE_CODE = YES;
				CLANG_WARN__DUPLICATE_METHOD_MATCH = YES;
				COPY_PHASE_STRIP = NO;
				DEBUG_INFORMATION_FORMAT = "dwarf-with-dsym";
				ENABLE_NS_ASSERTIONS = NO;
				ENABLE_STRICT_OBJC_MSGSEND = YES;
				GCC_C_LANGUAGE_STANDARD = gnu11;
				GCC_NO_COMMON_BLOCKS = YES;
				GCC_WARN_64_TO_32_BIT_CONVERSION = YES;
				GCC_WARN_ABOUT_RETURN_TYPE = YES_ERROR;
				GCC_WARN_UNDECLARED_SELECTOR = YES;
				GCC_WARN_UNINITIALIZED_AUTOS = YES_AGGRESSIVE;
				GCC_WARN_UNUSED_FUNCTION = YES;
				GCC_WARN_UNUSED_VARIABLE = YES;
				IPHONEOS_DEPLOYMENT_TARGET = 13.1;
				MTL_ENABLE_DEBUG_INFO = NO;
				MTL_FAST_MATH = YES;
				SDKROOT = iphoneos;
				SWIFT_COMPILATION_MODE = wholemodule;
				SWIFT_OPTIMIZATION_LEVEL = "-O";
				VALIDATE_PRODUCT = YES;
			};
			name = Release;
		};
		F25B13D423996437000C90FA /* Debug */ = {
			isa = XCBuildConfiguration;
			buildSettings = {
				ASSETCATALOG_COMPILER_APPICON_NAME = AppIcon;
				CODE_SIGN_STYLE = Automatic;
				DEVELOPMENT_TEAM = 2F9F46G26Q;
				INFOPLIST_FILE = ChildApp/Info.plist;
				LD_RUNPATH_SEARCH_PATHS = (
					"$(inherited)",
					"@executable_path/Frameworks",
				);
				PRODUCT_BUNDLE_IDENTIFIER = alexandrshubskij.ChildApp;
				PRODUCT_NAME = "$(TARGET_NAME)";
				SWIFT_VERSION = 5.0;
				TARGETED_DEVICE_FAMILY = "1,2";
			};
			name = Debug;
		};
		F25B13D523996437000C90FA /* Release */ = {
			isa = XCBuildConfiguration;
			buildSettings = {
				ASSETCATALOG_COMPILER_APPICON_NAME = AppIcon;
				CODE_SIGN_STYLE = Automatic;
				DEVELOPMENT_TEAM = 2F9F46G26Q;
				INFOPLIST_FILE = ChildApp/Info.plist;
				LD_RUNPATH_SEARCH_PATHS = (
					"$(inherited)",
					"@executable_path/Frameworks",
				);
				PRODUCT_BUNDLE_IDENTIFIER = alexandrshubskij.ChildApp;
				PRODUCT_NAME = "$(TARGET_NAME)";
				SWIFT_VERSION = 5.0;
				TARGETED_DEVICE_FAMILY = "1,2";
			};
			name = Release;
		};
/* End XCBuildConfiguration section */

/* Begin XCConfigurationList section */
		F25B13B723996433000C90FA /* Build configuration list for PBXProject "ChildApp" */ = {
			isa = XCConfigurationList;
			buildConfigurations = (
				F25B13D123996437000C90FA /* Debug */,
				F25B13D223996437000C90FA /* Release */,
			);
			defaultConfigurationIsVisible = 0;
			defaultConfigurationName = Release;
		};
		F25B13D323996437000C90FA /* Build configuration list for PBXNativeTarget "ChildApp" */ = {
			isa = XCConfigurationList;
			buildConfigurations = (
				F25B13D423996437000C90FA /* Debug */,
				F25B13D523996437000C90FA /* Release */,
			);
			defaultConfigurationIsVisible = 0;
			defaultConfigurationName = Release;
		};
/* End XCConfigurationList section */

/* Begin XCVersionGroup section */
		F25B13C823996433000C90FA /* ChildApp.xcdatamodeld */ = {
			isa = XCVersionGroup;
			children = (
				F25B13C923996433000C90FA /* ChildApp.xcdatamodel */,
			);
			currentVersion = F25B13C923996433000C90FA /* ChildApp.xcdatamodel */;
			path = ChildApp.xcdatamodeld;
			sourceTree = "<group>";
			versionGroupType = wrapper.xcdatamodel;
		};
/* End XCVersionGroup section */
	};
	rootObject = F25B13B423996433000C90FA /* Project object */;
}
